<?xml version="1.0" encoding="utf-8"?>
<Project ToolsVersion="4.0" xmlns="http://schemas.microsoft.com/developer/msbuild/2003">
  <ItemGroup>
    <Filter Include="headers">
      <UniqueIdentifier>{93995380-89BD-4b04-88EB-625FBE52EBFB}</UniqueIdentifier>
      <Extensions>h;hh;hpp;hxx;hm;inl;inc;ipp;xsd</Extensions>
    </Filter>
    <Filter Include="sources">
      <UniqueIdentifier>{4FC737F1-C7A5-4376-A066-2A32D752A2FF}</UniqueIdentifier>
      <Extensions>cpp;c;cc;cxx;def;odl;idl;hpj;bat;asm;asmx</Extensions>
    </Filter>
    <Filter Include="resources">
      <UniqueIdentifier>{a30a9b81-eee3-4d61-b01b-4239b431a13a}</UniqueIdentifier>
    </Filter>
  </ItemGroup>
  <ItemGroup>
    <ClCompile Include="sources\Main.cpp">
      <Filter>sources</Filter>
    </ClCompile>
    <ClCompile Include="libraries\sciter\includes\sciter-win-main.cpp">
      <Filter>sources</Filter>
    </ClCompile>
    <ClCompile Include="sources\WInformer.cpp">
      <Filter>sources</Filter>
    </ClCompile>
  </ItemGroup>
  <ItemGroup>
    <ClInclude Include="headers\Main.h">
      <Filter>headers</Filter>
    </ClInclude>
    <ClInclude Include="headers\Defines.h">
      <Filter>headers</Filter>
    </ClInclude>
    <ClInclude Include="headers\WUtils.h">
      <Filter>headers</Filter>
    </ClInclude>
    <ClInclude Include="headers\WInformer.h">
      <Filter>headers</Filter>
    </ClInclude>
  </ItemGroup>
</Project>